
Microsoft Visual Studio Solution File, Format Version 12.00
# Visual Studio Version 16
VisualStudioVersion = 16.0.29411.108
MinimumVisualStudioVersion = 10.0.40219.1
Project("{9A19103F-16F7-4668-BE54-9A1E7A4F7556}") = "Microsoft.Teams.Apps.Celebration.Common", "Microsoft.Teams.Apps.Celebration.Common\Microsoft.Teams.Apps.Celebration.Common.csproj", "{4DCEDD72-9068-4191-9BCA-AB28A380A52C}"
EndProject
Project("{9A19103F-16F7-4668-BE54-9A1E7A4F7556}") = "Microsoft.Teams.Apps.Celebration", "Microsoft.Teams.Apps.Celebration\Microsoft.Teams.Apps.Celebration.csproj", "{5C6C780C-7083-47B1-A50C-67B23764F564}"
EndProject
Project("{9A19103F-16F7-4668-BE54-9A1E7A4F7556}") = "Microsoft.Teams.Apps.Celebration.Functions", "Microsoft.Teams.Apps.Celebration.Functions\Microsoft.Teams.Apps.Celebration.Functions.csproj", "{2F30EC1B-860B-4AEB-9C5A-B1E11ECD3052}"
EndProject
Global
	GlobalSection(SolutionConfigurationPlatforms) = preSolution
		Debug|Any CPU = Debug|Any CPU
		Release|Any CPU = Release|Any CPU
	EndGlobalSection
	GlobalSection(ProjectConfigurationPlatforms) = postSolution
		{4DCEDD72-9068-4191-9BCA-AB28A380A52C}.Debug|Any CPU.ActiveCfg = Debug|Any CPU
		{4DCEDD72-9068-4191-9BCA-AB28A380A52C}.Debug|Any CPU.Build.0 = Debug|Any CPU
		{4DCEDD72-9068-4191-9BCA-AB28A380A52C}.Release|Any CPU.ActiveCfg = Release|Any CPU
		{4DCEDD72-9068-4191-9BCA-AB28A380A52C}.Release|Any CPU.Build.0 = Release|Any CPU
		{5C6C780C-7083-47B1-A50C-67B23764F564}.Debug|Any CPU.ActiveCfg = Debug|Any CPU
		{5C6C780C-7083-47B1-A50C-67B23764F564}.Debug|Any CPU.Build.0 = Debug|Any CPU
		{5C6C780C-7083-47B1-A50C-67B23764F564}.Release|Any CPU.ActiveCfg = Release|Any CPU
		{5C6C780C-7083-47B1-A50C-67B23764F564}.Release|Any CPU.Build.0 = Release|Any CPU
		{2F30EC1B-860B-4AEB-9C5A-B1E11ECD3052}.Debug|Any CPU.ActiveCfg = Debug|Any CPU
		{2F30EC1B-860B-4AEB-9C5A-B1E11ECD3052}.Debug|Any CPU.Build.0 = Debug|Any CPU
		{2F30EC1B-860B-4AEB-9C5A-B1E11ECD3052}.Release|Any CPU.ActiveCfg = Release|Any CPU
		{2F30EC1B-860B-4AEB-9C5A-B1E11ECD3052}.Release|Any CPU.Build.0 = Release|Any CPU
	EndGlobalSection
	GlobalSection(SolutionProperties) = preSolution
		HideSolutionNode = FALSE
	EndGlobalSection
	GlobalSection(ExtensibilityGlobals) = postSolution
		SolutionGuid = {D1ADE945-B619-4DA2-9530-DE96BD00C91B}
	EndGlobalSection
EndGlobal
